
Microsoft Visual Studio Solution File, Format Version 12.00
# Visual Studio 15
VisualStudioVersion = 15.0.28010.2046
MinimumVisualStudioVersion = 10.0.40219.1
Project("{2150E333-8FDC-42A3-9474-1A3956D46DE8}") = "Repository", "Repository", "{08ACA4F4-B008-48C1-91C0-52945E0BC08C}"
EndProject
Project("{9A19103F-16F7-4668-BE54-9A1E7A4F7556}") = "Repository.DAL", "Repository.DAL\Repository.DAL.csproj", "{C7EB7366-DED1-4C64-9382-ACF92339F6C7}"
EndProject
Project("{9A19103F-16F7-4668-BE54-9A1E7A4F7556}") = "Repository.IDAL", "Repository.IDAL\Repository.IDAL.csproj", "{18A956DA-2051-496F-98D7-2955C3EFE084}"
EndProject
Project("{2150E333-8FDC-42A3-9474-1A3956D46DE8}") = "Models", "Models", "{0DCF1F1F-7181-478C-BC57-986C75EC782D}"
EndProject
Project("{9A19103F-16F7-4668-BE54-9A1E7A4F7556}") = "ModelsEntity", "ModelsEntity\ModelsEntity.csproj", "{67285935-7C72-441A-ABA4-B754701D39D7}"
EndProject
Project("{2150E333-8FDC-42A3-9474-1A3956D46DE8}") = "UI", "UI", "{DFAAB763-C734-4495-8C81-CECBE5741F32}"
EndProject
Project("{9A19103F-16F7-4668-BE54-9A1E7A4F7556}") = "WebAPI", "WebAPI\WebAPI.csproj", "{92E6C46A-2A13-442B-9F72-FA5F9E0F5226}"
EndProject
Project("{2150E333-8FDC-42A3-9474-1A3956D46DE8}") = "Z_Linq2db", "Z_Linq2db", "{D650922D-4393-4C08-BF84-A2354A80CB43}"
EndProject
Project("{2150E333-8FDC-42A3-9474-1A3956D46DE8}") = "Repository", "Repository", "{969F0676-5255-4701-8BAC-FFDC2ED66AA2}"
EndProject
Project("{FAE04EC0-301F-11D3-BF4B-00C04F79EFBC}") = "Repository.Context", "Repository.Context\Repository.Context.csproj", "{0C550402-A0A6-40A2-877F-6989DAE795DA}"
EndProject
Project("{2150E333-8FDC-42A3-9474-1A3956D46DE8}") = "UI", "UI", "{4E29FDE2-8666-42F0-956E-6C4E0F9F035E}"
EndProject
Project("{FAE04EC0-301F-11D3-BF4B-00C04F79EFBC}") = "Web.Blog.API", "Web.Blog.API\Web.Blog.API.csproj", "{054C3503-9AB4-4F0A-A68A-4AD5F0E6C479}"
EndProject
Project("{2150E333-8FDC-42A3-9474-1A3956D46DE8}") = "Blog.Models", "Blog.Models", "{5577B23A-F7F7-4341-AC23-1EF9CD6578FE}"
EndProject
Project("{FAE04EC0-301F-11D3-BF4B-00C04F79EFBC}") = "Blog.ModelsEntity", "Blog.ModelsEntity\Blog.ModelsEntity.csproj", "{B0087EC8-0E9A-4D34-ABEA-539098F29B82}"
EndProject
Global
	GlobalSection(SolutionConfigurationPlatforms) = preSolution
		Debug|Any CPU = Debug|Any CPU
		Release|Any CPU = Release|Any CPU
	EndGlobalSection
	GlobalSection(ProjectConfigurationPlatforms) = postSolution
		{C7EB7366-DED1-4C64-9382-ACF92339F6C7}.Debug|Any CPU.ActiveCfg = Debug|Any CPU
		{C7EB7366-DED1-4C64-9382-ACF92339F6C7}.Debug|Any CPU.Build.0 = Debug|Any CPU
		{C7EB7366-DED1-4C64-9382-ACF92339F6C7}.Release|Any CPU.ActiveCfg = Release|Any CPU
		{C7EB7366-DED1-4C64-9382-ACF92339F6C7}.Release|Any CPU.Build.0 = Release|Any CPU
		{18A956DA-2051-496F-98D7-2955C3EFE084}.Debug|Any CPU.ActiveCfg = Debug|Any CPU
		{18A956DA-2051-496F-98D7-2955C3EFE084}.Debug|Any CPU.Build.0 = Debug|Any CPU
		{18A956DA-2051-496F-98D7-2955C3EFE084}.Release|Any CPU.ActiveCfg = Release|Any CPU
		{18A956DA-2051-496F-98D7-2955C3EFE084}.Release|Any CPU.Build.0 = Release|Any CPU
		{67285935-7C72-441A-ABA4-B754701D39D7}.Debug|Any CPU.ActiveCfg = Debug|Any CPU
		{67285935-7C72-441A-ABA4-B754701D39D7}.Debug|Any CPU.Build.0 = Debug|Any CPU
		{67285935-7C72-441A-ABA4-B754701D39D7}.Release|Any CPU.ActiveCfg = Release|Any CPU
		{67285935-7C72-441A-ABA4-B754701D39D7}.Release|Any CPU.Build.0 = Release|Any CPU
		{92E6C46A-2A13-442B-9F72-FA5F9E0F5226}.Debug|Any CPU.ActiveCfg = Debug|Any CPU
		{92E6C46A-2A13-442B-9F72-FA5F9E0F5226}.Debug|Any CPU.Build.0 = Debug|Any CPU
		{92E6C46A-2A13-442B-9F72-FA5F9E0F5226}.Release|Any CPU.ActiveCfg = Release|Any CPU
		{92E6C46A-2A13-442B-9F72-FA5F9E0F5226}.Release|Any CPU.Build.0 = Release|Any CPU
		{0C550402-A0A6-40A2-877F-6989DAE795DA}.Debug|Any CPU.ActiveCfg = Debug|Any CPU
		{0C550402-A0A6-40A2-877F-6989DAE795DA}.Debug|Any CPU.Build.0 = Debug|Any CPU
		{0C550402-A0A6-40A2-877F-6989DAE795DA}.Release|Any CPU.ActiveCfg = Release|Any CPU
		{0C550402-A0A6-40A2-877F-6989DAE795DA}.Release|Any CPU.Build.0 = Release|Any CPU
		{054C3503-9AB4-4F0A-A68A-4AD5F0E6C479}.Debug|Any CPU.ActiveCfg = Debug|Any CPU
		{054C3503-9AB4-4F0A-A68A-4AD5F0E6C479}.Debug|Any CPU.Build.0 = Debug|Any CPU
		{054C3503-9AB4-4F0A-A68A-4AD5F0E6C479}.Release|Any CPU.ActiveCfg = Release|Any CPU
		{054C3503-9AB4-4F0A-A68A-4AD5F0E6C479}.Release|Any CPU.Build.0 = Release|Any CPU
		{B0087EC8-0E9A-4D34-ABEA-539098F29B82}.Debug|Any CPU.ActiveCfg = Debug|Any CPU
		{B0087EC8-0E9A-4D34-ABEA-539098F29B82}.Debug|Any CPU.Build.0 = Debug|Any CPU
		{B0087EC8-0E9A-4D34-ABEA-539098F29B82}.Release|Any CPU.ActiveCfg = Release|Any CPU
		{B0087EC8-0E9A-4D34-ABEA-539098F29B82}.Release|Any CPU.Build.0 = Release|Any CPU
	EndGlobalSection
	GlobalSection(SolutionProperties) = preSolution
		HideSolutionNode = FALSE
	EndGlobalSection
	GlobalSection(NestedProjects) = preSolution
		{C7EB7366-DED1-4C64-9382-ACF92339F6C7} = {08ACA4F4-B008-48C1-91C0-52945E0BC08C}
		{18A956DA-2051-496F-98D7-2955C3EFE084} = {08ACA4F4-B008-48C1-91C0-52945E0BC08C}
		{67285935-7C72-441A-ABA4-B754701D39D7} = {0DCF1F1F-7181-478C-BC57-986C75EC782D}
		{92E6C46A-2A13-442B-9F72-FA5F9E0F5226} = {DFAAB763-C734-4495-8C81-CECBE5741F32}
		{969F0676-5255-4701-8BAC-FFDC2ED66AA2} = {D650922D-4393-4C08-BF84-A2354A80CB43}
		{0C550402-A0A6-40A2-877F-6989DAE795DA} = {969F0676-5255-4701-8BAC-FFDC2ED66AA2}
		{4E29FDE2-8666-42F0-956E-6C4E0F9F035E} = {D650922D-4393-4C08-BF84-A2354A80CB43}
		{054C3503-9AB4-4F0A-A68A-4AD5F0E6C479} = {4E29FDE2-8666-42F0-956E-6C4E0F9F035E}
		{5577B23A-F7F7-4341-AC23-1EF9CD6578FE} = {D650922D-4393-4C08-BF84-A2354A80CB43}
		{B0087EC8-0E9A-4D34-ABEA-539098F29B82} = {5577B23A-F7F7-4341-AC23-1EF9CD6578FE}
	EndGlobalSection
	GlobalSection(ExtensibilityGlobals) = postSolution
		SolutionGuid = {0EC56D66-9C5C-49F9-8E78-EF75C8E1EDB2}
	EndGlobalSection
EndGlobal
